// !$*UTF8*$!
{
	archiveVersion = 1;
	classes = {
	};
	objectVersion = 46;
	objects = {

/* Begin PBXBuildFile section */
		5A00A0EB2670A28000F2C08B /* LeedCode.swift in Sources */ = {isa = PBXBuildFile; fileRef = 5A00A0E82670A28000F2C08B /* LeedCode.swift */; };
		5AB402302682D80100B2FF2A /* UIViewController+VCProfiler.m in Sources */ = {isa = PBXBuildFile; fileRef = 5AB4022F2682D80100B2FF2A /* UIViewController+VCProfiler.m */; };
		5AB4023526830E7A00B2FF2A /* KVODictionary.m in Sources */ = {isa = PBXBuildFile; fileRef = 5AB4023326830E7A00B2FF2A /* KVODictionary.m */; };
		5AF9BB152672F8FD00B2215E /* CXModuleADetailViewController.m in Sources */ = {isa = PBXBuildFile; fileRef = 5AF9BADD2672F8FC00B2215E /* CXModuleADetailViewController.m */; };
		5AF9BB162672F8FD00B2215E /* CXModuleA.m in Sources */ = {isa = PBXBuildFile; fileRef = 5AF9BADE2672F8FC00B2215E /* CXModuleA.m */; };
		5AF9BB172672F8FD00B2215E /* CXModuleADetailViewController.xib in Resources */ = {isa = PBXBuildFile; fileRef = 5AF9BAE02672F8FC00B2215E /* CXModuleADetailViewController.xib */; };
		5AF9BB182672F8FD00B2215E /* NSObject+CXBundle.m in Sources */ = {isa = PBXBuildFile; fileRef = 5AF9BAE32672F8FC00B2215E /* NSObject+CXBundle.m */; };
		5AF9BB192672F8FD00B2215E /* UIView+CXLayout.m in Sources */ = {isa = PBXBuildFile; fileRef = 5AF9BAE62672F8FC00B2215E /* UIView+CXLayout.m */; };
		5AF9BB1A2672F8FD00B2215E /* CALayer+PauseAimate.m in Sources */ = {isa = PBXBuildFile; fileRef = 5AF9BAE72672F8FC00B2215E /* CALayer+PauseAimate.m */; };
		5AF9BB1B2672F8FD00B2215E /* UIView+CXNib.m in Sources */ = {isa = PBXBuildFile; fileRef = 5AF9BAEA2672F8FC00B2215E /* UIView+CXNib.m */; };
		5AF9BB1C2672F8FD00B2215E /* UIImage+CXImage.m in Sources */ = {isa = PBXBuildFile; fileRef = 5AF9BAEB2672F8FC00B2215E /* UIImage+CXImage.m */; };
		5AF9BB1D2672F8FD00B2215E /* CXTabBarController.m in Sources */ = {isa = PBXBuildFile; fileRef = 5AF9BAEE2672F8FC00B2215E /* CXTabBarController.m */; };
		5AF9BB1E2672F8FD00B2215E /* CXNavigationController.m in Sources */ = {isa = PBXBuildFile; fileRef = 5AF9BAF12672F8FC00B2215E /* CXNavigationController.m */; };
		5AF9BB1F2672F8FD00B2215E /* CXNavBar.m in Sources */ = {isa = PBXBuildFile; fileRef = 5AF9BAF32672F8FC00B2215E /* CXNavBar.m */; };
		5AF9BB202672F8FD00B2215E /* CXTabBar.m in Sources */ = {isa = PBXBuildFile; fileRef = 5AF9BAF42672F8FC00B2215E /* CXTabBar.m */; };
		5AF9BB212672F8FD00B2215E /* CXMiddleView.m in Sources */ = {isa = PBXBuildFile; fileRef = 5AF9BAF82672F8FC00B2215E /* CXMiddleView.m */; };
		5AF9BB222672F8FD00B2215E /* CXMiddleView.xib in Resources */ = {isa = PBXBuildFile; fileRef = 5AF9BAF92672F8FC00B2215E /* CXMiddleView.xib */; };
		5AF9BB232672F8FD00B2215E /* MainModuleAPI.m in Sources */ = {isa = PBXBuildFile; fileRef = 5AF9BAFC2672F8FC00B2215E /* MainModuleAPI.m */; };
		5AF9BB242672F8FD00B2215E /* tabbar_bg@2x.png in Resources */ = {isa = PBXBuildFile; fileRef = 5AF9BAFE2672F8FC00B2215E /* tabbar_bg@2x.png */; };
		5AF9BB252672F8FD00B2215E /* tabbar_np_play@2x.png in Resources */ = {isa = PBXBuildFile; fileRef = 5AF9BAFF2672F8FC00B2215E /* tabbar_np_play@2x.png */; };
		5AF9BB262672F8FD00B2215E /* header_default@2x.png in Resources */ = {isa = PBXBuildFile; fileRef = 5AF9BB002672F8FC00B2215E /* header_default@2x.png */; };
		5AF9BB272672F8FD00B2215E /* tabbar_np_play@3x.png in Resources */ = {isa = PBXBuildFile; fileRef = 5AF9BB012672F8FC00B2215E /* tabbar_np_play@3x.png */; };
		5AF9BB282672F8FD00B2215E /* tabbar_bg@3x.png in Resources */ = {isa = PBXBuildFile; fileRef = 5AF9BB022672F8FC00B2215E /* tabbar_bg@3x.png */; };
		5AF9BB292672F8FD00B2215E /* .gitkeep in Resources */ = {isa = PBXBuildFile; fileRef = 5AF9BB032672F8FC00B2215E /* .gitkeep */; };
		5AF9BB2A2672F8FD00B2215E /* tabbar_np_loop@3x.png in Resources */ = {isa = PBXBuildFile; fileRef = 5AF9BB042672F8FC00B2215E /* tabbar_np_loop@3x.png */; };
		5AF9BB2B2672F8FD00B2215E /* tabbar_np_loop@2x.png in Resources */ = {isa = PBXBuildFile; fileRef = 5AF9BB052672F8FC00B2215E /* tabbar_np_loop@2x.png */; };
		5AF9BB2C2672F8FD00B2215E /* tabbar_np_normal@3x.png in Resources */ = {isa = PBXBuildFile; fileRef = 5AF9BB062672F8FC00B2215E /* tabbar_np_normal@3x.png */; };
		5AF9BB2D2672F8FD00B2215E /* tabbar_np_shadow@3x.png in Resources */ = {isa = PBXBuildFile; fileRef = 5AF9BB072672F8FC00B2215E /* tabbar_np_shadow@3x.png */; };
		5AF9BB2E2672F8FD00B2215E /* tabbar_np_playshadow@3x.png in Resources */ = {isa = PBXBuildFile; fileRef = 5AF9BB082672F8FC00B2215E /* tabbar_np_playshadow@3x.png */; };
		5AF9BB2F2672F8FD00B2215E /* tabbar_np_playshadow@2x.png in Resources */ = {isa = PBXBuildFile; fileRef = 5AF9BB092672F8FC00B2215E /* tabbar_np_playshadow@2x.png */; };
		5AF9BB302672F8FD00B2215E /* tabbar_np_shadow@2x.png in Resources */ = {isa = PBXBuildFile; fileRef = 5AF9BB0A2672F8FC00B2215E /* tabbar_np_shadow@2x.png */; };
		5AF9BB312672F8FD00B2215E /* tabbar_np_normal@2x.png in Resources */ = {isa = PBXBuildFile; fileRef = 5AF9BB0B2672F8FC00B2215E /* tabbar_np_normal@2x.png */; };
		5AF9BB322672F8FD00B2215E /* zxy_icon@2x.jpg in Resources */ = {isa = PBXBuildFile; fileRef = 5AF9BB0C2672F8FC00B2215E /* zxy_icon@2x.jpg */; };
		5AF9BB332672F8FD00B2215E /* LJNavigator.m in Sources */ = {isa = PBXBuildFile; fileRef = 5AF9BB102672F8FC00B2215E /* LJNavigator.m */; };
		5AF9BB342672F8FD00B2215E /* CXDebugTipViewController.m in Sources */ = {isa = PBXBuildFile; fileRef = 5AF9BB112672F8FC00B2215E /* CXDebugTipViewController.m */; };
		5AF9BB352672F8FD00B2215E /* CXComponentManager.m in Sources */ = {isa = PBXBuildFile; fileRef = 5AF9BB132672F8FC00B2215E /* CXComponentManager.m */; };
		5AF9BB3D2673091100B2215E /* CXBaseViewController.m in Sources */ = {isa = PBXBuildFile; fileRef = 5AF9BB3C2673091100B2215E /* CXBaseViewController.m */; };
		5AF9BB4426730B9400B2215E /* CXRunLoopViewController.m in Sources */ = {isa = PBXBuildFile; fileRef = 5AF9BB4326730B9400B2215E /* CXRunLoopViewController.m */; };
		6003F58E195388D20070C39A /* Foundation.framework in Frameworks */ = {isa = PBXBuildFile; fileRef = 6003F58D195388D20070C39A /* Foundation.framework */; };
		6003F590195388D20070C39A /* CoreGraphics.framework in Frameworks */ = {isa = PBXBuildFile; fileRef = 6003F58F195388D20070C39A /* CoreGraphics.framework */; };
		6003F592195388D20070C39A /* UIKit.framework in Frameworks */ = {isa = PBXBuildFile; fileRef = 6003F591195388D20070C39A /* UIKit.framework */; };
		6003F598195388D20070C39A /* InfoPlist.strings in Resources */ = {isa = PBXBuildFile; fileRef = 6003F596195388D20070C39A /* InfoPlist.strings */; };
		6003F59A195388D20070C39A /* main.m in Sources */ = {isa = PBXBuildFile; fileRef = 6003F599195388D20070C39A /* main.m */; };
		6003F59E195388D20070C39A /* CXAppDelegate.m in Sources */ = {isa = PBXBuildFile; fileRef = 6003F59D195388D20070C39A /* CXAppDelegate.m */; };
		6003F5A7195388D20070C39A /* CXViewController.m in Sources */ = {isa = PBXBuildFile; fileRef = 6003F5A6195388D20070C39A /* CXViewController.m */; };
		6003F5A9195388D20070C39A /* Images.xcassets in Resources */ = {isa = PBXBuildFile; fileRef = 6003F5A8195388D20070C39A /* Images.xcassets */; };
		6003F5B0195388D20070C39A /* XCTest.framework in Frameworks */ = {isa = PBXBuildFile; fileRef = 6003F5AF195388D20070C39A /* XCTest.framework */; };
		6003F5B1195388D20070C39A /* Foundation.framework in Frameworks */ = {isa = PBXBuildFile; fileRef = 6003F58D195388D20070C39A /* Foundation.framework */; };
		6003F5B2195388D20070C39A /* UIKit.framework in Frameworks */ = {isa = PBXBuildFile; fileRef = 6003F591195388D20070C39A /* UIKit.framework */; };
		6003F5BA195388D20070C39A /* InfoPlist.strings in Resources */ = {isa = PBXBuildFile; fileRef = 6003F5B8195388D20070C39A /* InfoPlist.strings */; };
		6003F5BC195388D20070C39A /* Tests.m in Sources */ = {isa = PBXBuildFile; fileRef = 6003F5BB195388D20070C39A /* Tests.m */; };
		71719F9F1E33DC2100824A3D /* LaunchScreen.storyboard in Resources */ = {isa = PBXBuildFile; fileRef = 71719F9D1E33DC2100824A3D /* LaunchScreen.storyboard */; };
		873B8AEB1B1F5CCA007FD442 /* Main.storyboard in Resources */ = {isa = PBXBuildFile; fileRef = 873B8AEA1B1F5CCA007FD442 /* Main.storyboard */; };
		877AA4CE8123588594A5DEBF /* Pods_Object_C_Demo_Example.framework in Frameworks */ = {isa = PBXBuildFile; fileRef = DE2E4E20AC276C6CC176A054 /* Pods_Object_C_Demo_Example.framework */; };
		8C809FFD73CBBA2D333EA7C4 /* Pods_Object_C_Demo_Tests.framework in Frameworks */ = {isa = PBXBuildFile; fileRef = B6565ED6EEFE3CD769C7BFC8 /* Pods_Object_C_Demo_Tests.framework */; };
/* End PBXBuildFile section */

/* Begin PBXContainerItemProxy section */
		6003F5B3195388D20070C39A /* PBXContainerItemProxy */ = {
			isa = PBXContainerItemProxy;
			containerPortal = 6003F582195388D10070C39A /* Project object */;
			proxyType = 1;
			remoteGlobalIDString = 6003F589195388D20070C39A;
			remoteInfo = "Object-C-Demo";
		};
/* End PBXContainerItemProxy section */

/* Begin PBXFileReference section */
		1C5BDCFF29775AB28B5E153A /* Pods-Object-C-Demo_Tests.release.xcconfig */ = {isa = PBXFileReference; includeInIndex = 1; lastKnownFileType = text.xcconfig; name = "Pods-Object-C-Demo_Tests.release.xcconfig"; path = "Target Support Files/Pods-Object-C-Demo_Tests/Pods-Object-C-Demo_Tests.release.xcconfig"; sourceTree = "<group>"; };
		37C22C398593E9D51D56E604 /* LICENSE */ = {isa = PBXFileReference; includeInIndex = 1; lastKnownFileType = text; name = LICENSE; path = ../LICENSE; sourceTree = "<group>"; };
		5A00A0E72670A27E00F2C08B /* Object-C-Demo_Example-Bridging-Header.h */ = {isa = PBXFileReference; lastKnownFileType = sourcecode.c.h; path = "Object-C-Demo_Example-Bridging-Header.h"; sourceTree = "<group>"; };
		5A00A0E82670A28000F2C08B /* LeedCode.swift */ = {isa = PBXFileReference; fileEncoding = 4; lastKnownFileType = sourcecode.swift; path = LeedCode.swift; sourceTree = "<group>"; };
		5AB4022E2682D80000B2FF2A /* UIViewController+VCProfiler.h */ = {isa = PBXFileReference; fileEncoding = 4; lastKnownFileType = sourcecode.c.h; path = "UIViewController+VCProfiler.h"; sourceTree = "<group>"; };
		5AB4022F2682D80100B2FF2A /* UIViewController+VCProfiler.m */ = {isa = PBXFileReference; fileEncoding = 4; lastKnownFileType = sourcecode.c.objc; path = "UIViewController+VCProfiler.m"; sourceTree = "<group>"; };
		5AB4023326830E7A00B2FF2A /* KVODictionary.m */ = {isa = PBXFileReference; fileEncoding = 4; lastKnownFileType = sourcecode.c.objc; path = KVODictionary.m; sourceTree = "<group>"; };
		5AB4023426830E7A00B2FF2A /* KVODictionary.h */ = {isa = PBXFileReference; fileEncoding = 4; lastKnownFileType = sourcecode.c.h; path = KVODictionary.h; sourceTree = "<group>"; };
		5AF9BADB2672F8FC00B2215E /* CXModuleA.h */ = {isa = PBXFileReference; fileEncoding = 4; lastKnownFileType = sourcecode.c.h; path = CXModuleA.h; sourceTree = "<group>"; };
		5AF9BADC2672F8FC00B2215E /* CXModuleADetailViewController.h */ = {isa = PBXFileReference; fileEncoding = 4; lastKnownFileType = sourcecode.c.h; path = CXModuleADetailViewController.h; sourceTree = "<group>"; };
		5AF9BADD2672F8FC00B2215E /* CXModuleADetailViewController.m */ = {isa = PBXFileReference; fileEncoding = 4; lastKnownFileType = sourcecode.c.objc; path = CXModuleADetailViewController.m; sourceTree = "<group>"; };
		5AF9BADE2672F8FC00B2215E /* CXModuleA.m */ = {isa = PBXFileReference; fileEncoding = 4; lastKnownFileType = sourcecode.c.objc; path = CXModuleA.m; sourceTree = "<group>"; };
		5AF9BADF2672F8FC00B2215E /* CXModuleAProtocol.h */ = {isa = PBXFileReference; fileEncoding = 4; lastKnownFileType = sourcecode.c.h; path = CXModuleAProtocol.h; sourceTree = "<group>"; };
		5AF9BAE02672F8FC00B2215E /* CXModuleADetailViewController.xib */ = {isa = PBXFileReference; fileEncoding = 4; lastKnownFileType = file.xib; path = CXModuleADetailViewController.xib; sourceTree = "<group>"; };
		5AF9BAE32672F8FC00B2215E /* NSObject+CXBundle.m */ = {isa = PBXFileReference; fileEncoding = 4; lastKnownFileType = sourcecode.c.objc; path = "NSObject+CXBundle.m"; sourceTree = "<group>"; };
		5AF9BAE42672F8FC00B2215E /* UIImage+CXImage.h */ = {isa = PBXFileReference; fileEncoding = 4; lastKnownFileType = sourcecode.c.h; path = "UIImage+CXImage.h"; sourceTree = "<group>"; };
		5AF9BAE52672F8FC00B2215E /* UIView+CXNib.h */ = {isa = PBXFileReference; fileEncoding = 4; lastKnownFileType = sourcecode.c.h; path = "UIView+CXNib.h"; sourceTree = "<group>"; };
		5AF9BAE62672F8FC00B2215E /* UIView+CXLayout.m */ = {isa = PBXFileReference; fileEncoding = 4; lastKnownFileType = sourcecode.c.objc; path = "UIView+CXLayout.m"; sourceTree = "<group>"; };
		5AF9BAE72672F8FC00B2215E /* CALayer+PauseAimate.m */ = {isa = PBXFileReference; fileEncoding = 4; lastKnownFileType = sourcecode.c.objc; path = "CALayer+PauseAimate.m"; sourceTree = "<group>"; };
		5AF9BAE82672F8FC00B2215E /* NSObject+CXBundle.h */ = {isa = PBXFileReference; fileEncoding = 4; lastKnownFileType = sourcecode.c.h; path = "NSObject+CXBundle.h"; sourceTree = "<group>"; };
		5AF9BAE92672F8FC00B2215E /* UIView+CXLayout.h */ = {isa = PBXFileReference; fileEncoding = 4; lastKnownFileType = sourcecode.c.h; path = "UIView+CXLayout.h"; sourceTree = "<group>"; };
		5AF9BAEA2672F8FC00B2215E /* UIView+CXNib.m */ = {isa = PBXFileReference; fileEncoding = 4; lastKnownFileType = sourcecode.c.objc; path = "UIView+CXNib.m"; sourceTree = "<group>"; };
		5AF9BAEB2672F8FC00B2215E /* UIImage+CXImage.m */ = {isa = PBXFileReference; fileEncoding = 4; lastKnownFileType = sourcecode.c.objc; path = "UIImage+CXImage.m"; sourceTree = "<group>"; };
		5AF9BAEC2672F8FC00B2215E /* CALayer+PauseAimate.h */ = {isa = PBXFileReference; fileEncoding = 4; lastKnownFileType = sourcecode.c.h; path = "CALayer+PauseAimate.h"; sourceTree = "<group>"; };
		5AF9BAEE2672F8FC00B2215E /* CXTabBarController.m */ = {isa = PBXFileReference; fileEncoding = 4; lastKnownFileType = sourcecode.c.objc; path = CXTabBarController.m; sourceTree = "<group>"; };
		5AF9BAEF2672F8FC00B2215E /* CXNavigationController.h */ = {isa = PBXFileReference; fileEncoding = 4; lastKnownFileType = sourcecode.c.h; path = CXNavigationController.h; sourceTree = "<group>"; };
		5AF9BAF02672F8FC00B2215E /* CXTabBarController.h */ = {isa = PBXFileReference; fileEncoding = 4; lastKnownFileType = sourcecode.c.h; path = CXTabBarController.h; sourceTree = "<group>"; };
		5AF9BAF12672F8FC00B2215E /* CXNavigationController.m */ = {isa = PBXFileReference; fileEncoding = 4; lastKnownFileType = sourcecode.c.objc; path = CXNavigationController.m; sourceTree = "<group>"; };
		5AF9BAF32672F8FC00B2215E /* CXNavBar.m */ = {isa = PBXFileReference; fileEncoding = 4; lastKnownFileType = sourcecode.c.objc; path = CXNavBar.m; sourceTree = "<group>"; };
		5AF9BAF42672F8FC00B2215E /* CXTabBar.m */ = {isa = PBXFileReference; fileEncoding = 4; lastKnownFileType = sourcecode.c.objc; path = CXTabBar.m; sourceTree = "<group>"; };
		5AF9BAF52672F8FC00B2215E /* CXMiddleView.h */ = {isa = PBXFileReference; fileEncoding = 4; lastKnownFileType = sourcecode.c.h; path = CXMiddleView.h; sourceTree = "<group>"; };
		5AF9BAF62672F8FC00B2215E /* CXTabBar.h */ = {isa = PBXFileReference; fileEncoding = 4; lastKnownFileType = sourcecode.c.h; path = CXTabBar.h; sourceTree = "<group>"; };
		5AF9BAF72672F8FC00B2215E /* CXNavBar.h */ = {isa = PBXFileReference; fileEncoding = 4; lastKnownFileType = sourcecode.c.h; path = CXNavBar.h; sourceTree = "<group>"; };
		5AF9BAF82672F8FC00B2215E /* CXMiddleView.m */ = {isa = PBXFileReference; fileEncoding = 4; lastKnownFileType = sourcecode.c.objc; path = CXMiddleView.m; sourceTree = "<group>"; };
		5AF9BAF92672F8FC00B2215E /* CXMiddleView.xib */ = {isa = PBXFileReference; fileEncoding = 4; lastKnownFileType = file.xib; path = CXMiddleView.xib; sourceTree = "<group>"; };
		5AF9BAFB2672F8FC00B2215E /* MainModuleAPI.h */ = {isa = PBXFileReference; fileEncoding = 4; lastKnownFileType = sourcecode.c.h; path = MainModuleAPI.h; sourceTree = "<group>"; };
		5AF9BAFC2672F8FC00B2215E /* MainModuleAPI.m */ = {isa = PBXFileReference; fileEncoding = 4; lastKnownFileType = sourcecode.c.objc; path = MainModuleAPI.m; sourceTree = "<group>"; };
		5AF9BAFE2672F8FC00B2215E /* tabbar_bg@2x.png */ = {isa = PBXFileReference; lastKnownFileType = image.png; path = "tabbar_bg@2x.png"; sourceTree = "<group>"; };
		5AF9BAFF2672F8FC00B2215E /* tabbar_np_play@2x.png */ = {isa = PBXFileReference; lastKnownFileType = image.png; path = "tabbar_np_play@2x.png"; sourceTree = "<group>"; };
		5AF9BB002672F8FC00B2215E /* header_default@2x.png */ = {isa = PBXFileReference; lastKnownFileType = image.png; path = "header_default@2x.png"; sourceTree = "<group>"; };
		5AF9BB012672F8FC00B2215E /* tabbar_np_play@3x.png */ = {isa = PBXFileReference; lastKnownFileType = image.png; path = "tabbar_np_play@3x.png"; sourceTree = "<group>"; };
		5AF9BB022672F8FC00B2215E /* tabbar_bg@3x.png */ = {isa = PBXFileReference; lastKnownFileType = image.png; path = "tabbar_bg@3x.png"; sourceTree = "<group>"; };
		5AF9BB032672F8FC00B2215E /* .gitkeep */ = {isa = PBXFileReference; fileEncoding = 4; lastKnownFileType = text; path = .gitkeep; sourceTree = "<group>"; };
		5AF9BB042672F8FC00B2215E /* tabbar_np_loop@3x.png */ = {isa = PBXFileReference; lastKnownFileType = image.png; path = "tabbar_np_loop@3x.png"; sourceTree = "<group>"; };
		5AF9BB052672F8FC00B2215E /* tabbar_np_loop@2x.png */ = {isa = PBXFileReference; lastKnownFileType = image.png; path = "tabbar_np_loop@2x.png"; sourceTree = "<group>"; };
		5AF9BB062672F8FC00B2215E /* tabbar_np_normal@3x.png */ = {isa = PBXFileReference; lastKnownFileType = image.png; path = "tabbar_np_normal@3x.png"; sourceTree = "<group>"; };
		5AF9BB072672F8FC00B2215E /* tabbar_np_shadow@3x.png */ = {isa = PBXFileReference; lastKnownFileType = image.png; path = "tabbar_np_shadow@3x.png"; sourceTree = "<group>"; };
		5AF9BB082672F8FC00B2215E /* tabbar_np_playshadow@3x.png */ = {isa = PBXFileReference; lastKnownFileType = image.png; path = "tabbar_np_playshadow@3x.png"; sourceTree = "<group>"; };
		5AF9BB092672F8FC00B2215E /* tabbar_np_playshadow@2x.png */ = {isa = PBXFileReference; lastKnownFileType = image.png; path = "tabbar_np_playshadow@2x.png"; sourceTree = "<group>"; };
		5AF9BB0A2672F8FC00B2215E /* tabbar_np_shadow@2x.png */ = {isa = PBXFileReference; lastKnownFileType = image.png; path = "tabbar_np_shadow@2x.png"; sourceTree = "<group>"; };
		5AF9BB0B2672F8FC00B2215E /* tabbar_np_normal@2x.png */ = {isa = PBXFileReference; lastKnownFileType = image.png; path = "tabbar_np_normal@2x.png"; sourceTree = "<group>"; };
		5AF9BB0C2672F8FC00B2215E /* zxy_icon@2x.jpg */ = {isa = PBXFileReference; lastKnownFileType = image.jpeg; path = "zxy_icon@2x.jpg"; sourceTree = "<group>"; };
		5AF9BB0E2672F8FC00B2215E /* CXDebugTipViewController.h */ = {isa = PBXFileReference; fileEncoding = 4; lastKnownFileType = sourcecode.c.h; path = CXDebugTipViewController.h; sourceTree = "<group>"; };
		5AF9BB0F2672F8FC00B2215E /* CXComponentManager.h */ = {isa = PBXFileReference; fileEncoding = 4; lastKnownFileType = sourcecode.c.h; path = CXComponentManager.h; sourceTree = "<group>"; };
		5AF9BB102672F8FC00B2215E /* LJNavigator.m */ = {isa = PBXFileReference; fileEncoding = 4; lastKnownFileType = sourcecode.c.objc; path = LJNavigator.m; sourceTree = "<group>"; };
		5AF9BB112672F8FC00B2215E /* CXDebugTipViewController.m */ = {isa = PBXFileReference; fileEncoding = 4; lastKnownFileType = sourcecode.c.objc; path = CXDebugTipViewController.m; sourceTree = "<group>"; };
		5AF9BB122672F8FC00B2215E /* CXConnectorProtocol.h */ = {isa = PBXFileReference; fileEncoding = 4; lastKnownFileType = sourcecode.c.h; path = CXConnectorProtocol.h; sourceTree = "<group>"; };
		5AF9BB132672F8FC00B2215E /* CXComponentManager.m */ = {isa = PBXFileReference; fileEncoding = 4; lastKnownFileType = sourcecode.c.objc; path = CXComponentManager.m; sourceTree = "<group>"; };
		5AF9BB142672F8FC00B2215E /* LJNavigator.h */ = {isa = PBXFileReference; fileEncoding = 4; lastKnownFileType = sourcecode.c.h; path = LJNavigator.h; sourceTree = "<group>"; };
		5AF9BB3B2673091100B2215E /* CXBaseViewController.h */ = {isa = PBXFileReference; lastKnownFileType = sourcecode.c.h; path = CXBaseViewController.h; sourceTree = "<group>"; };
		5AF9BB3C2673091100B2215E /* CXBaseViewController.m */ = {isa = PBXFileReference; lastKnownFileType = sourcecode.c.objc; path = CXBaseViewController.m; sourceTree = "<group>"; };
		5AF9BB4226730B9400B2215E /* CXRunLoopViewController.h */ = {isa = PBXFileReference; lastKnownFileType = sourcecode.c.h; path = CXRunLoopViewController.h; sourceTree = "<group>"; };
		5AF9BB4326730B9400B2215E /* CXRunLoopViewController.m */ = {isa = PBXFileReference; lastKnownFileType = sourcecode.c.objc; path = CXRunLoopViewController.m; sourceTree = "<group>"; };
		6003F58A195388D20070C39A /* Object-C-Demo_Example.app */ = {isa = PBXFileReference; explicitFileType = wrapper.application; includeInIndex = 0; path = "Object-C-Demo_Example.app"; sourceTree = BUILT_PRODUCTS_DIR; };
		6003F58D195388D20070C39A /* Foundation.framework */ = {isa = PBXFileReference; lastKnownFileType = wrapper.framework; name = Foundation.framework; path = System/Library/Frameworks/Foundation.framework; sourceTree = SDKROOT; };
		6003F58F195388D20070C39A /* CoreGraphics.framework */ = {isa = PBXFileReference; lastKnownFileType = wrapper.framework; name = CoreGraphics.framework; path = System/Library/Frameworks/CoreGraphics.framework; sourceTree = SDKROOT; };
		6003F591195388D20070C39A /* UIKit.framework */ = {isa = PBXFileReference; lastKnownFileType = wrapper.framework; name = UIKit.framework; path = System/Library/Frameworks/UIKit.framework; sourceTree = SDKROOT; };
		6003F595195388D20070C39A /* Object-C-Demo-Info.plist */ = {isa = PBXFileReference; lastKnownFileType = text.plist.xml; path = "Object-C-Demo-Info.plist"; sourceTree = "<group>"; };
		6003F597195388D20070C39A /* en */ = {isa = PBXFileReference; lastKnownFileType = text.plist.strings; name = en; path = en.lproj/InfoPlist.strings; sourceTree = "<group>"; };
		6003F599195388D20070C39A /* main.m */ = {isa = PBXFileReference; lastKnownFileType = sourcecode.c.objc; path = main.m; sourceTree = "<group>"; };
		6003F59B195388D20070C39A /* Object-C-Demo-Prefix.pch */ = {isa = PBXFileReference; lastKnownFileType = sourcecode.c.h; path = "Object-C-Demo-Prefix.pch"; sourceTree = "<group>"; };
		6003F59C195388D20070C39A /* CXAppDelegate.h */ = {isa = PBXFileReference; lastKnownFileType = sourcecode.c.h; path = CXAppDelegate.h; sourceTree = "<group>"; };
		6003F59D195388D20070C39A /* CXAppDelegate.m */ = {isa = PBXFileReference; lastKnownFileType = sourcecode.c.objc; path = CXAppDelegate.m; sourceTree = "<group>"; };
		6003F5A5195388D20070C39A /* CXViewController.h */ = {isa = PBXFileReference; lastKnownFileType = sourcecode.c.h; path = CXViewController.h; sourceTree = "<group>"; };
		6003F5A6195388D20070C39A /* CXViewController.m */ = {isa = PBXFileReference; lastKnownFileType = sourcecode.c.objc; path = CXViewController.m; sourceTree = "<group>"; };
		6003F5A8195388D20070C39A /* Images.xcassets */ = {isa = PBXFileReference; lastKnownFileType = folder.assetcatalog; path = Images.xcassets; sourceTree = "<group>"; };
		6003F5AE195388D20070C39A /* Object-C-Demo_Tests.xctest */ = {isa = PBXFileReference; explicitFileType = wrapper.cfbundle; includeInIndex = 0; path = "Object-C-Demo_Tests.xctest"; sourceTree = BUILT_PRODUCTS_DIR; };
		6003F5AF195388D20070C39A /* XCTest.framework */ = {isa = PBXFileReference; lastKnownFileType = wrapper.framework; name = XCTest.framework; path = Library/Frameworks/XCTest.framework; sourceTree = DEVELOPER_DIR; };
		6003F5B7195388D20070C39A /* Tests-Info.plist */ = {isa = PBXFileReference; lastKnownFileType = text.plist.xml; path = "Tests-Info.plist"; sourceTree = "<group>"; };
		6003F5B9195388D20070C39A /* en */ = {isa = PBXFileReference; lastKnownFileType = text.plist.strings; name = en; path = en.lproj/InfoPlist.strings; sourceTree = "<group>"; };
		6003F5BB195388D20070C39A /* Tests.m */ = {isa = PBXFileReference; lastKnownFileType = sourcecode.c.objc; path = Tests.m; sourceTree = "<group>"; };
		606FC2411953D9B200FFA9A0 /* Tests-Prefix.pch */ = {isa = PBXFileReference; lastKnownFileType = sourcecode.c.h; path = "Tests-Prefix.pch"; sourceTree = "<group>"; };
		71719F9E1E33DC2100824A3D /* Base */ = {isa = PBXFileReference; lastKnownFileType = file.storyboard; name = Base; path = Base.lproj/LaunchScreen.storyboard; sourceTree = "<group>"; };
		873B8AEA1B1F5CCA007FD442 /* Main.storyboard */ = {isa = PBXFileReference; fileEncoding = 4; lastKnownFileType = file.storyboard; name = Main.storyboard; path = Base.lproj/Main.storyboard; sourceTree = "<group>"; };
		B2DC622937AB9C3BCD4F7088 /* Pods-Object-C-Demo_Tests.debug.xcconfig */ = {isa = PBXFileReference; includeInIndex = 1; lastKnownFileType = text.xcconfig; name = "Pods-Object-C-Demo_Tests.debug.xcconfig"; path = "Target Support Files/Pods-Object-C-Demo_Tests/Pods-Object-C-Demo_Tests.debug.xcconfig"; sourceTree = "<group>"; };
		B6565ED6EEFE3CD769C7BFC8 /* Pods_Object_C_Demo_Tests.framework */ = {isa = PBXFileReference; explicitFileType = wrapper.framework; includeInIndex = 0; path = Pods_Object_C_Demo_Tests.framework; sourceTree = BUILT_PRODUCTS_DIR; };
		B80B538621E07C190C2186CF /* Object-C-Demo.podspec */ = {isa = PBXFileReference; includeInIndex = 1; lastKnownFileType = text; name = "Object-C-Demo.podspec"; path = "../Object-C-Demo.podspec"; sourceTree = "<group>"; };
		BA5B642F348B71986BD783A9 /* README.md */ = {isa = PBXFileReference; includeInIndex = 1; lastKnownFileType = net.daringfireball.markdown; name = README.md; path = ../README.md; sourceTree = "<group>"; };
		C89F6F10D9D4D41BF70B4B01 /* Pods-Object-C-Demo_Example.release.xcconfig */ = {isa = PBXFileReference; includeInIndex = 1; lastKnownFileType = text.xcconfig; name = "Pods-Object-C-Demo_Example.release.xcconfig"; path = "Target Support Files/Pods-Object-C-Demo_Example/Pods-Object-C-Demo_Example.release.xcconfig"; sourceTree = "<group>"; };
		DE2E4E20AC276C6CC176A054 /* Pods_Object_C_Demo_Example.framework */ = {isa = PBXFileReference; explicitFileType = wrapper.framework; includeInIndex = 0; path = Pods_Object_C_Demo_Example.framework; sourceTree = BUILT_PRODUCTS_DIR; };
		E802A9DD58476789F1B5E545 /* Pods-Object-C-Demo_Example.debug.xcconfig */ = {isa = PBXFileReference; includeInIndex = 1; lastKnownFileType = text.xcconfig; name = "Pods-Object-C-Demo_Example.debug.xcconfig"; path = "Target Support Files/Pods-Object-C-Demo_Example/Pods-Object-C-Demo_Example.debug.xcconfig"; sourceTree = "<group>"; };
/* End PBXFileReference section */

/* Begin PBXFrameworksBuildPhase section */
		6003F587195388D20070C39A /* Frameworks */ = {
			isa = PBXFrameworksBuildPhase;
			buildActionMask = 2147483647;
			files = (
				6003F590195388D20070C39A /* CoreGraphics.framework in Frameworks */,
				6003F592195388D20070C39A /* UIKit.framework in Frameworks */,
				6003F58E195388D20070C39A /* Foundation.framework in Frameworks */,
				877AA4CE8123588594A5DEBF /* Pods_Object_C_Demo_Example.framework in Frameworks */,
			);
			runOnlyForDeploymentPostprocessing = 0;
		};
		6003F5AB195388D20070C39A /* Frameworks */ = {
			isa = PBXFrameworksBuildPhase;
			buildActionMask = 2147483647;
			files = (
				6003F5B0195388D20070C39A /* XCTest.framework in Frameworks */,
				6003F5B2195388D20070C39A /* UIKit.framework in Frameworks */,
				6003F5B1195388D20070C39A /* Foundation.framework in Frameworks */,
				8C809FFD73CBBA2D333EA7C4 /* Pods_Object_C_Demo_Tests.framework in Frameworks */,
			);
			runOnlyForDeploymentPostprocessing = 0;
		};
/* End PBXFrameworksBuildPhase section */

/* Begin PBXGroup section */
		5AF9BAD82672F8FC00B2215E /* 算法 */ = {
			isa = PBXGroup;
			children = (
				5A00A0E82670A28000F2C08B /* LeedCode.swift */,
			);
			path = "算法";
			sourceTree = "<group>";
		};
		5AF9BAD92672F8FC00B2215E /* 组件化 */ = {
			isa = PBXGroup;
			children = (
				5AF9BADA2672F8FC00B2215E /* CXModuleA */,
				5AF9BAE12672F8FC00B2215E /* CXMainModule */,
				5AF9BB0D2672F8FC00B2215E /* CXComponentManager */,
			);
			path = "组件化";
			sourceTree = "<group>";
		};
		5AF9BADA2672F8FC00B2215E /* CXModuleA */ = {
			isa = PBXGroup;
			children = (
				5AF9BADB2672F8FC00B2215E /* CXModuleA.h */,
				5AF9BADC2672F8FC00B2215E /* CXModuleADetailViewController.h */,
				5AF9BADD2672F8FC00B2215E /* CXModuleADetailViewController.m */,
				5AF9BADE2672F8FC00B2215E /* CXModuleA.m */,
				5AF9BADF2672F8FC00B2215E /* CXModuleAProtocol.h */,
				5AF9BAE02672F8FC00B2215E /* CXModuleADetailViewController.xib */,
			);
			path = CXModuleA;
			sourceTree = "<group>";
		};
		5AF9BAE12672F8FC00B2215E /* CXMainModule */ = {
			isa = PBXGroup;
			children = (
				5AF9BAE22672F8FC00B2215E /* Tools */,
				5AF9BAED2672F8FC00B2215E /* Controller */,
				5AF9BAF22672F8FC00B2215E /* View */,
				5AF9BAFA2672F8FC00B2215E /* PublicAPI */,
				5AF9BAFD2672F8FC00B2215E /* Assets */,
			);
			path = CXMainModule;
			sourceTree = "<group>";
		};
		5AF9BAE22672F8FC00B2215E /* Tools */ = {
			isa = PBXGroup;
			children = (
				5AF9BAE32672F8FC00B2215E /* NSObject+CXBundle.m */,
				5AF9BAE42672F8FC00B2215E /* UIImage+CXImage.h */,
				5AF9BAE52672F8FC00B2215E /* UIView+CXNib.h */,
				5AF9BAE62672F8FC00B2215E /* UIView+CXLayout.m */,
				5AF9BAE72672F8FC00B2215E /* CALayer+PauseAimate.m */,
				5AF9BAE82672F8FC00B2215E /* NSObject+CXBundle.h */,
				5AF9BAE92672F8FC00B2215E /* UIView+CXLayout.h */,
				5AF9BAEA2672F8FC00B2215E /* UIView+CXNib.m */,
				5AF9BAEB2672F8FC00B2215E /* UIImage+CXImage.m */,
				5AF9BAEC2672F8FC00B2215E /* CALayer+PauseAimate.h */,
			);
			path = Tools;
			sourceTree = "<group>";
		};
		5AF9BAED2672F8FC00B2215E /* Controller */ = {
			isa = PBXGroup;
			children = (
				5AF9BAEF2672F8FC00B2215E /* CXNavigationController.h */,
				5AF9BAF12672F8FC00B2215E /* CXNavigationController.m */,
				5AF9BAF02672F8FC00B2215E /* CXTabBarController.h */,
				5AF9BAEE2672F8FC00B2215E /* CXTabBarController.m */,
			);
			path = Controller;
			sourceTree = "<group>";
		};
		5AF9BAF22672F8FC00B2215E /* View */ = {
			isa = PBXGroup;
			children = (
				5AF9BAF32672F8FC00B2215E /* CXNavBar.m */,
				5AF9BAF42672F8FC00B2215E /* CXTabBar.m */,
				5AF9BAF52672F8FC00B2215E /* CXMiddleView.h */,
				5AF9BAF62672F8FC00B2215E /* CXTabBar.h */,
				5AF9BAF72672F8FC00B2215E /* CXNavBar.h */,
				5AF9BAF82672F8FC00B2215E /* CXMiddleView.m */,
				5AF9BAF92672F8FC00B2215E /* CXMiddleView.xib */,
			);
			path = View;
			sourceTree = "<group>";
		};
		5AF9BAFA2672F8FC00B2215E /* PublicAPI */ = {
			isa = PBXGroup;
			children = (
				5AF9BAFB2672F8FC00B2215E /* MainModuleAPI.h */,
				5AF9BAFC2672F8FC00B2215E /* MainModuleAPI.m */,
			);
			path = PublicAPI;
			sourceTree = "<group>";
		};
		5AF9BAFD2672F8FC00B2215E /* Assets */ = {
			isa = PBXGroup;
			children = (
				5AF9BAFE2672F8FC00B2215E /* tabbar_bg@2x.png */,
				5AF9BAFF2672F8FC00B2215E /* tabbar_np_play@2x.png */,
				5AF9BB002672F8FC00B2215E /* header_default@2x.png */,
				5AF9BB012672F8FC00B2215E /* tabbar_np_play@3x.png */,
				5AF9BB022672F8FC00B2215E /* tabbar_bg@3x.png */,
				5AF9BB032672F8FC00B2215E /* .gitkeep */,
				5AF9BB042672F8FC00B2215E /* tabbar_np_loop@3x.png */,
				5AF9BB052672F8FC00B2215E /* tabbar_np_loop@2x.png */,
				5AF9BB062672F8FC00B2215E /* tabbar_np_normal@3x.png */,
				5AF9BB072672F8FC00B2215E /* tabbar_np_shadow@3x.png */,
				5AF9BB082672F8FC00B2215E /* tabbar_np_playshadow@3x.png */,
				5AF9BB092672F8FC00B2215E /* tabbar_np_playshadow@2x.png */,
				5AF9BB0A2672F8FC00B2215E /* tabbar_np_shadow@2x.png */,
				5AF9BB0B2672F8FC00B2215E /* tabbar_np_normal@2x.png */,
				5AF9BB0C2672F8FC00B2215E /* zxy_icon@2x.jpg */,
			);
			path = Assets;
			sourceTree = "<group>";
		};
		5AF9BB0D2672F8FC00B2215E /* CXComponentManager */ = {
			isa = PBXGroup;
			children = (
				5AF9BB0F2672F8FC00B2215E /* CXComponentManager.h */,
				5AF9BB132672F8FC00B2215E /* CXComponentManager.m */,
				5AF9BB122672F8FC00B2215E /* CXConnectorProtocol.h */,
				5AF9BB0E2672F8FC00B2215E /* CXDebugTipViewController.h */,
				5AF9BB112672F8FC00B2215E /* CXDebugTipViewController.m */,
				5AF9BB142672F8FC00B2215E /* LJNavigator.h */,
				5AF9BB102672F8FC00B2215E /* LJNavigator.m */,
			);
			path = CXComponentManager;
			sourceTree = "<group>";
		};
		5AF9BB38267308AE00B2215E /* OC底层 */ = {
			isa = PBXGroup;
			children = (
				5AF9BB39267308AE00B2215E /* RunLoop */,
				5AF9BB3A267308AE00B2215E /* 响应者链 */,
			);
			path = "OC底层";
			sourceTree = "<group>";
		};
		5AF9BB39267308AE00B2215E /* RunLoop */ = {
			isa = PBXGroup;
			children = (
				5AF9BB4226730B9400B2215E /* CXRunLoopViewController.h */,
				5AF9BB4326730B9400B2215E /* CXRunLoopViewController.m */,
			);
			path = RunLoop;
			sourceTree = "<group>";
		};
		5AF9BB3A267308AE00B2215E /* 响应者链 */ = {
			isa = PBXGroup;
			children = (
			);
			path = "响应者链";
			sourceTree = "<group>";
		};
		6003F581195388D10070C39A = {
			isa = PBXGroup;
			children = (
				5AB4023426830E7A00B2FF2A /* KVODictionary.h */,
				5AB4023326830E7A00B2FF2A /* KVODictionary.m */,
				5AB4022E2682D80000B2FF2A /* UIViewController+VCProfiler.h */,
				5AB4022F2682D80100B2FF2A /* UIViewController+VCProfiler.m */,
				5AF9BB3B2673091100B2215E /* CXBaseViewController.h */,
				5AF9BB3C2673091100B2215E /* CXBaseViewController.m */,
				5AF9BB38267308AE00B2215E /* OC底层 */,
				5AF9BAD82672F8FC00B2215E /* 算法 */,
				5AF9BAD92672F8FC00B2215E /* 组件化 */,
				60FF7A9C1954A5C5007DD14C /* Podspec Metadata */,
				6003F593195388D20070C39A /* Example for Object-C-Demo */,
				6003F5B5195388D20070C39A /* Tests */,
				6003F58C195388D20070C39A /* Frameworks */,
				6003F58B195388D20070C39A /* Products */,
				E7F7CDF1823AFFA04D2FCDEE /* Pods */,
				5A00A0E72670A27E00F2C08B /* Object-C-Demo_Example-Bridging-Header.h */,
			);
			sourceTree = "<group>";
		};
		6003F58B195388D20070C39A /* Products */ = {
			isa = PBXGroup;
			children = (
				6003F58A195388D20070C39A /* Object-C-Demo_Example.app */,
				6003F5AE195388D20070C39A /* Object-C-Demo_Tests.xctest */,
			);
			name = Products;
			sourceTree = "<group>";
		};
		6003F58C195388D20070C39A /* Frameworks */ = {
			isa = PBXGroup;
			children = (
				6003F58D195388D20070C39A /* Foundation.framework */,
				6003F58F195388D20070C39A /* CoreGraphics.framework */,
				6003F591195388D20070C39A /* UIKit.framework */,
				6003F5AF195388D20070C39A /* XCTest.framework */,
				DE2E4E20AC276C6CC176A054 /* Pods_Object_C_Demo_Example.framework */,
				B6565ED6EEFE3CD769C7BFC8 /* Pods_Object_C_Demo_Tests.framework */,
			);
			name = Frameworks;
			sourceTree = "<group>";
		};
		6003F593195388D20070C39A /* Example for Object-C-Demo */ = {
			isa = PBXGroup;
			children = (
				6003F59C195388D20070C39A /* CXAppDelegate.h */,
				6003F59D195388D20070C39A /* CXAppDelegate.m */,
				873B8AEA1B1F5CCA007FD442 /* Main.storyboard */,
				6003F5A5195388D20070C39A /* CXViewController.h */,
				6003F5A6195388D20070C39A /* CXViewController.m */,
				71719F9D1E33DC2100824A3D /* LaunchScreen.storyboard */,
				6003F5A8195388D20070C39A /* Images.xcassets */,
				6003F594195388D20070C39A /* Supporting Files */,
			);
			name = "Example for Object-C-Demo";
			path = "Object-C-Demo";
			sourceTree = "<group>";
		};
		6003F594195388D20070C39A /* Supporting Files */ = {
			isa = PBXGroup;
			children = (
				6003F595195388D20070C39A /* Object-C-Demo-Info.plist */,
				6003F596195388D20070C39A /* InfoPlist.strings */,
				6003F599195388D20070C39A /* main.m */,
				6003F59B195388D20070C39A /* Object-C-Demo-Prefix.pch */,
			);
			name = "Supporting Files";
			sourceTree = "<group>";
		};
		6003F5B5195388D20070C39A /* Tests */ = {
			isa = PBXGroup;
			children = (
				6003F5BB195388D20070C39A /* Tests.m */,
				6003F5B6195388D20070C39A /* Supporting Files */,
			);
			path = Tests;
			sourceTree = "<group>";
		};
		6003F5B6195388D20070C39A /* Supporting Files */ = {
			isa = PBXGroup;
			children = (
				6003F5B7195388D20070C39A /* Tests-Info.plist */,
				6003F5B8195388D20070C39A /* InfoPlist.strings */,
				606FC2411953D9B200FFA9A0 /* Tests-Prefix.pch */,
			);
			name = "Supporting Files";
			sourceTree = "<group>";
		};
		60FF7A9C1954A5C5007DD14C /* Podspec Metadata */ = {
			isa = PBXGroup;
			children = (
				B80B538621E07C190C2186CF /* Object-C-Demo.podspec */,
				BA5B642F348B71986BD783A9 /* README.md */,
				37C22C398593E9D51D56E604 /* LICENSE */,
			);
			name = "Podspec Metadata";
			sourceTree = "<group>";
		};
		E7F7CDF1823AFFA04D2FCDEE /* Pods */ = {
			isa = PBXGroup;
			children = (
				E802A9DD58476789F1B5E545 /* Pods-Object-C-Demo_Example.debug.xcconfig */,
				C89F6F10D9D4D41BF70B4B01 /* Pods-Object-C-Demo_Example.release.xcconfig */,
				B2DC622937AB9C3BCD4F7088 /* Pods-Object-C-Demo_Tests.debug.xcconfig */,
				1C5BDCFF29775AB28B5E153A /* Pods-Object-C-Demo_Tests.release.xcconfig */,
			);
			path = Pods;
			sourceTree = "<group>";
		};
/* End PBXGroup section */

/* Begin PBXNativeTarget section */
		6003F589195388D20070C39A /* Object-C-Demo_Example */ = {
			isa = PBXNativeTarget;
			buildConfigurationList = 6003F5BF195388D20070C39A /* Build configuration list for PBXNativeTarget "Object-C-Demo_Example" */;
			buildPhases = (
				23618D1E965BA23B49C9D931 /* [CP] Check Pods Manifest.lock */,
				6003F586195388D20070C39A /* Sources */,
				6003F587195388D20070C39A /* Frameworks */,
				6003F588195388D20070C39A /* Resources */,
				E07408F480E12A449F8BFC8C /* [CP] Embed Pods Frameworks */,
			);
			buildRules = (
			);
			dependencies = (
			);
			name = "Object-C-Demo_Example";
			productName = "Object-C-Demo";
			productReference = 6003F58A195388D20070C39A /* Object-C-Demo_Example.app */;
			productType = "com.apple.product-type.application";
		};
		6003F5AD195388D20070C39A /* Object-C-Demo_Tests */ = {
			isa = PBXNativeTarget;
			buildConfigurationList = 6003F5C2195388D20070C39A /* Build configuration list for PBXNativeTarget "Object-C-Demo_Tests" */;
			buildPhases = (
				784B05DF06CA3DDF564F1752 /* [CP] Check Pods Manifest.lock */,
				6003F5AA195388D20070C39A /* Sources */,
				6003F5AB195388D20070C39A /* Frameworks */,
				6003F5AC195388D20070C39A /* Resources */,
				6FE66ED6398C598DAB6F7C37 /* [CP] Embed Pods Frameworks */,
			);
			buildRules = (
			);
			dependencies = (
				6003F5B4195388D20070C39A /* PBXTargetDependency */,
			);
			name = "Object-C-Demo_Tests";
			productName = "Object-C-DemoTests";
			productReference = 6003F5AE195388D20070C39A /* Object-C-Demo_Tests.xctest */;
			productType = "com.apple.product-type.bundle.unit-test";
		};
/* End PBXNativeTarget section */

/* Begin PBXProject section */
		6003F582195388D10070C39A /* Project object */ = {
			isa = PBXProject;
			attributes = {
				CLASSPREFIX = CX;
				LastUpgradeCheck = 1230;
				ORGANIZATIONNAME = caixiang305621856;
				TargetAttributes = {
					6003F589195388D20070C39A = {
						DevelopmentTeam = SAD9GVSU92;
						LastSwiftMigration = 1230;
					};
					6003F5AD195388D20070C39A = {
						TestTargetID = 6003F589195388D20070C39A;
					};
				};
			};
			buildConfigurationList = 6003F585195388D10070C39A /* Build configuration list for PBXProject "Object-C-Demo" */;
			compatibilityVersion = "Xcode 3.2";
			developmentRegion = English;
			hasScannedForEncodings = 0;
			knownRegions = (
				English,
				en,
				Base,
			);
			mainGroup = 6003F581195388D10070C39A;
			productRefGroup = 6003F58B195388D20070C39A /* Products */;
			projectDirPath = "";
			projectRoot = "";
			targets = (
				6003F589195388D20070C39A /* Object-C-Demo_Example */,
				6003F5AD195388D20070C39A /* Object-C-Demo_Tests */,
			);
		};
/* End PBXProject section */

/* Begin PBXResourcesBuildPhase section */
		6003F588195388D20070C39A /* Resources */ = {
			isa = PBXResourcesBuildPhase;
			buildActionMask = 2147483647;
			files = (
				5AF9BB252672F8FD00B2215E /* tabbar_np_play@2x.png in Resources */,
				5AF9BB2E2672F8FD00B2215E /* tabbar_np_playshadow@3x.png in Resources */,
				5AF9BB172672F8FD00B2215E /* CXModuleADetailViewController.xib in Resources */,
				873B8AEB1B1F5CCA007FD442 /* Main.storyboard in Resources */,
				5AF9BB2D2672F8FD00B2215E /* tabbar_np_shadow@3x.png in Resources */,
				5AF9BB322672F8FD00B2215E /* zxy_icon@2x.jpg in Resources */,
				5AF9BB292672F8FD00B2215E /* .gitkeep in Resources */,
				5AF9BB2C2672F8FD00B2215E /* tabbar_np_normal@3x.png in Resources */,
				5AF9BB262672F8FD00B2215E /* header_default@2x.png in Resources */,
				5AF9BB2F2672F8FD00B2215E /* tabbar_np_playshadow@2x.png in Resources */,
				5AF9BB242672F8FD00B2215E /* tabbar_bg@2x.png in Resources */,
				5AF9BB222672F8FD00B2215E /* CXMiddleView.xib in Resources */,
				71719F9F1E33DC2100824A3D /* LaunchScreen.storyboard in Resources */,
				5AF9BB2A2672F8FD00B2215E /* tabbar_np_loop@3x.png in Resources */,
				5AF9BB272672F8FD00B2215E /* tabbar_np_play@3x.png in Resources */,
				5AF9BB2B2672F8FD00B2215E /* tabbar_np_loop@2x.png in Resources */,
				5AF9BB282672F8FD00B2215E /* tabbar_bg@3x.png in Resources */,
				6003F5A9195388D20070C39A /* Images.xcassets in Resources */,
				5AF9BB312672F8FD00B2215E /* tabbar_np_normal@2x.png in Resources */,
				6003F598195388D20070C39A /* InfoPlist.strings in Resources */,
				5AF9BB302672F8FD00B2215E /* tabbar_np_shadow@2x.png in Resources */,
			);
			runOnlyForDeploymentPostprocessing = 0;
		};
		6003F5AC195388D20070C39A /* Resources */ = {
			isa = PBXResourcesBuildPhase;
			buildActionMask = 2147483647;
			files = (
				6003F5BA195388D20070C39A /* InfoPlist.strings in Resources */,
			);
			runOnlyForDeploymentPostprocessing = 0;
		};
/* End PBXResourcesBuildPhase section */

/* Begin PBXShellScriptBuildPhase section */
		23618D1E965BA23B49C9D931 /* [CP] Check Pods Manifest.lock */ = {
			isa = PBXShellScriptBuildPhase;
			buildActionMask = 2147483647;
			files = (
			);
			inputFileListPaths = (
			);
			inputPaths = (
				"${PODS_PODFILE_DIR_PATH}/Podfile.lock",
				"${PODS_ROOT}/Manifest.lock",
			);
			name = "[CP] Check Pods Manifest.lock";
			outputFileListPaths = (
			);
			outputPaths = (
				"$(DERIVED_FILE_DIR)/Pods-Object-C-Demo_Example-checkManifestLockResult.txt",
			);
			runOnlyForDeploymentPostprocessing = 0;
			shellPath = /bin/sh;
			shellScript = "diff \"${PODS_PODFILE_DIR_PATH}/Podfile.lock\" \"${PODS_ROOT}/Manifest.lock\" > /dev/null\nif [ $? != 0 ] ; then\n    # print error to STDERR\n    echo \"error: The sandbox is not in sync with the Podfile.lock. Run 'pod install' or update your CocoaPods installation.\" >&2\n    exit 1\nfi\n# This output is used by Xcode 'outputs' to avoid re-running this script phase.\necho \"SUCCESS\" > \"${SCRIPT_OUTPUT_FILE_0}\"\n";
			showEnvVarsInLog = 0;
		};
		6FE66ED6398C598DAB6F7C37 /* [CP] Embed Pods Frameworks */ = {
			isa = PBXShellScriptBuildPhase;
			buildActionMask = 2147483647;
			files = (
			);
			inputPaths = (
				"${PODS_ROOT}/Target Support Files/Pods-Object-C-Demo_Tests/Pods-Object-C-Demo_Tests-frameworks.sh",
				"${BUILT_PRODUCTS_DIR}/Expecta/Expecta.framework",
				"${BUILT_PRODUCTS_DIR}/Expecta+Snapshots/Expecta_Snapshots.framework",
				"${BUILT_PRODUCTS_DIR}/FBSnapshotTestCase/FBSnapshotTestCase.framework",
				"${BUILT_PRODUCTS_DIR}/Specta/Specta.framework",
			);
			name = "[CP] Embed Pods Frameworks";
			outputPaths = (
				"${TARGET_BUILD_DIR}/${FRAMEWORKS_FOLDER_PATH}/Expecta.framework",
				"${TARGET_BUILD_DIR}/${FRAMEWORKS_FOLDER_PATH}/Expecta_Snapshots.framework",
				"${TARGET_BUILD_DIR}/${FRAMEWORKS_FOLDER_PATH}/FBSnapshotTestCase.framework",
				"${TARGET_BUILD_DIR}/${FRAMEWORKS_FOLDER_PATH}/Specta.framework",
			);
			runOnlyForDeploymentPostprocessing = 0;
			shellPath = /bin/sh;
			shellScript = "\"${PODS_ROOT}/Target Support Files/Pods-Object-C-Demo_Tests/Pods-Object-C-Demo_Tests-frameworks.sh\"\n";
			showEnvVarsInLog = 0;
		};
		784B05DF06CA3DDF564F1752 /* [CP] Check Pods Manifest.lock */ = {
			isa = PBXShellScriptBuildPhase;
			buildActionMask = 2147483647;
			files = (
			);
			inputFileListPaths = (
			);
			inputPaths = (
				"${PODS_PODFILE_DIR_PATH}/Podfile.lock",
				"${PODS_ROOT}/Manifest.lock",
			);
			name = "[CP] Check Pods Manifest.lock";
			outputFileListPaths = (
			);
			outputPaths = (
				"$(DERIVED_FILE_DIR)/Pods-Object-C-Demo_Tests-checkManifestLockResult.txt",
			);
			runOnlyForDeploymentPostprocessing = 0;
			shellPath = /bin/sh;
			shellScript = "diff \"${PODS_PODFILE_DIR_PATH}/Podfile.lock\" \"${PODS_ROOT}/Manifest.lock\" > /dev/null\nif [ $? != 0 ] ; then\n    # print error to STDERR\n    echo \"error: The sandbox is not in sync with the Podfile.lock. Run 'pod install' or update your CocoaPods installation.\" >&2\n    exit 1\nfi\n# This output is used by Xcode 'outputs' to avoid re-running this script phase.\necho \"SUCCESS\" > \"${SCRIPT_OUTPUT_FILE_0}\"\n";
			showEnvVarsInLog = 0;
		};
		E07408F480E12A449F8BFC8C /* [CP] Embed Pods Frameworks */ = {
			isa = PBXShellScriptBuildPhase;
			buildActionMask = 2147483647;
			files = (
			);
			inputPaths = (
				"${PODS_ROOT}/Target Support Files/Pods-Object-C-Demo_Example/Pods-Object-C-Demo_Example-frameworks.sh",
				"${BUILT_PRODUCTS_DIR}/Object-C-Demo/Object_C_Demo.framework",
			);
			name = "[CP] Embed Pods Frameworks";
			outputPaths = (
				"${TARGET_BUILD_DIR}/${FRAMEWORKS_FOLDER_PATH}/Object_C_Demo.framework",
			);
			runOnlyForDeploymentPostprocessing = 0;
			shellPath = /bin/sh;
			shellScript = "\"${PODS_ROOT}/Target Support Files/Pods-Object-C-Demo_Example/Pods-Object-C-Demo_Example-frameworks.sh\"\n";
			showEnvVarsInLog = 0;
		};
/* End PBXShellScriptBuildPhase section */

/* Begin PBXSourcesBuildPhase section */
		6003F586195388D20070C39A /* Sources */ = {
			isa = PBXSourcesBuildPhase;
			buildActionMask = 2147483647;
			files = (
				5AB402302682D80100B2FF2A /* UIViewController+VCProfiler.m in Sources */,
				5AF9BB3D2673091100B2215E /* CXBaseViewController.m in Sources */,
				5AF9BB352672F8FD00B2215E /* CXComponentManager.m in Sources */,
				5AF9BB182672F8FD00B2215E /* NSObject+CXBundle.m in Sources */,
				5AF9BB332672F8FD00B2215E /* LJNavigator.m in Sources */,
				5AF9BB232672F8FD00B2215E /* MainModuleAPI.m in Sources */,
				5AF9BB1E2672F8FD00B2215E /* CXNavigationController.m in Sources */,
				5AF9BB192672F8FD00B2215E /* UIView+CXLayout.m in Sources */,
				5AF9BB342672F8FD00B2215E /* CXDebugTipViewController.m in Sources */,
				5AF9BB1D2672F8FD00B2215E /* CXTabBarController.m in Sources */,
				5AF9BB152672F8FD00B2215E /* CXModuleADetailViewController.m in Sources */,
				5AF9BB1B2672F8FD00B2215E /* UIView+CXNib.m in Sources */,
				5AF9BB202672F8FD00B2215E /* CXTabBar.m in Sources */,
				6003F59E195388D20070C39A /* CXAppDelegate.m in Sources */,
				5AF9BB4426730B9400B2215E /* CXRunLoopViewController.m in Sources */,
				6003F5A7195388D20070C39A /* CXViewController.m in Sources */,
				5AB4023526830E7A00B2FF2A /* KVODictionary.m in Sources */,
				5AF9BB1F2672F8FD00B2215E /* CXNavBar.m in Sources */,
				5A00A0EB2670A28000F2C08B /* LeedCode.swift in Sources */,
				5AF9BB1C2672F8FD00B2215E /* UIImage+CXImage.m in Sources */,
				5AF9BB162672F8FD00B2215E /* CXModuleA.m in Sources */,
				5AF9BB1A2672F8FD00B2215E /* CALayer+PauseAimate.m in Sources */,
				5AF9BB212672F8FD00B2215E /* CXMiddleView.m in Sources */,
				6003F59A195388D20070C39A /* main.m in Sources */,
			);
			runOnlyForDeploymentPostprocessing = 0;
		};
		6003F5AA195388D20070C39A /* Sources */ = {
			isa = PBXSourcesBuildPhase;
			buildActionMask = 2147483647;
			files = (
				6003F5BC195388D20070C39A /* Tests.m in Sources */,
			);
			runOnlyForDeploymentPostprocessing = 0;
		};
/* End PBXSourcesBuildPhase section */

/* Begin PBXTargetDependency section */
		6003F5B4195388D20070C39A /* PBXTargetDependency */ = {
			isa = PBXTargetDependency;
			target = 6003F589195388D20070C39A /* Object-C-Demo_Example */;
			targetProxy = 6003F5B3195388D20070C39A /* PBXContainerItemProxy */;
		};
/* End PBXTargetDependency section */

/* Begin PBXVariantGroup section */
		6003F596195388D20070C39A /* InfoPlist.strings */ = {
			isa = PBXVariantGroup;
			children = (
				6003F597195388D20070C39A /* en */,
			);
			name = InfoPlist.strings;
			sourceTree = "<group>";
		};
		6003F5B8195388D20070C39A /* InfoPlist.strings */ = {
			isa = PBXVariantGroup;
			children = (
				6003F5B9195388D20070C39A /* en */,
			);
			name = InfoPlist.strings;
			sourceTree = "<group>";
		};
		71719F9D1E33DC2100824A3D /* LaunchScreen.storyboard */ = {
			isa = PBXVariantGroup;
			children = (
				71719F9E1E33DC2100824A3D /* Base */,
			);
			name = LaunchScreen.storyboard;
			sourceTree = "<group>";
		};
/* End PBXVariantGroup section */

/* Begin XCBuildConfiguration section */
		6003F5BD195388D20070C39A /* Debug */ = {
			isa = XCBuildConfiguration;
			buildSettings = {
				ALWAYS_SEARCH_USER_PATHS = NO;
				CLANG_ANALYZER_LOCALIZABILITY_NONLOCALIZED = YES;
				CLANG_CXX_LANGUAGE_STANDARD = "gnu++0x";
				CLANG_CXX_LIBRARY = "libc++";
				CLANG_ENABLE_MODULES = YES;
				CLANG_ENABLE_OBJC_ARC = YES;
				CLANG_WARN_BLOCK_CAPTURE_AUTORELEASING = YES;
				CLANG_WARN_BOOL_CONVERSION = YES;
				CLANG_WARN_COMMA = YES;
				CLANG_WARN_CONSTANT_CONVERSION = YES;
				CLANG_WARN_DEPRECATED_OBJC_IMPLEMENTATIONS = YES;
				CLANG_WARN_DIRECT_OBJC_ISA_USAGE = YES_ERROR;
				CLANG_WARN_EMPTY_BODY = YES;
				CLANG_WARN_ENUM_CONVERSION = YES;
				CLANG_WARN_INFINITE_RECURSION = YES;
				CLANG_WARN_INT_CONVERSION = YES;
				CLANG_WARN_NON_LITERAL_NULL_CONVERSION = YES;
				CLANG_WARN_OBJC_IMPLICIT_RETAIN_SELF = YES;
				CLANG_WARN_OBJC_LITERAL_CONVERSION = YES;
				CLANG_WARN_OBJC_ROOT_CLASS = YES_ERROR;
				CLANG_WARN_QUOTED_INCLUDE_IN_FRAMEWORK_HEADER = YES;
				CLANG_WARN_RANGE_LOOP_ANALYSIS = YES;
				CLANG_WARN_STRICT_PROTOTYPES = YES;
				CLANG_WARN_SUSPICIOUS_MOVE = YES;
				CLANG_WARN_UNREACHABLE_CODE = YES;
				CLANG_WARN__DUPLICATE_METHOD_MATCH = YES;
				"CODE_SIGN_IDENTITY[sdk=iphoneos*]" = "iPhone Developer";
				COPY_PHASE_STRIP = NO;
				ENABLE_STRICT_OBJC_MSGSEND = YES;
				ENABLE_TESTABILITY = YES;
				GCC_C_LANGUAGE_STANDARD = gnu99;
				GCC_DYNAMIC_NO_PIC = NO;
				GCC_NO_COMMON_BLOCKS = YES;
				GCC_OPTIMIZATION_LEVEL = 0;
				GCC_PREPROCESSOR_DEFINITIONS = (
					"DEBUG=1",
					"$(inherited)",
				);
				GCC_SYMBOLS_PRIVATE_EXTERN = NO;
				GCC_WARN_64_TO_32_BIT_CONVERSION = YES;
				GCC_WARN_ABOUT_RETURN_TYPE = YES_ERROR;
				GCC_WARN_UNDECLARED_SELECTOR = YES;
				GCC_WARN_UNINITIALIZED_AUTOS = YES_AGGRESSIVE;
				GCC_WARN_UNUSED_FUNCTION = YES;
				GCC_WARN_UNUSED_VARIABLE = YES;
				IPHONEOS_DEPLOYMENT_TARGET = 12.0;
				ONLY_ACTIVE_ARCH = YES;
				SDKROOT = iphoneos;
				TARGETED_DEVICE_FAMILY = "1,2";
			};
			name = Debug;
		};
		6003F5BE195388D20070C39A /* Release */ = {
			isa = XCBuildConfiguration;
			buildSettings = {
				ALWAYS_SEARCH_USER_PATHS = NO;
				CLANG_ANALYZER_LOCALIZABILITY_NONLOCALIZED = YES;
				CLANG_CXX_LANGUAGE_STANDARD = "gnu++0x";
				CLANG_CXX_LIBRARY = "libc++";
				CLANG_ENABLE_MODULES = YES;
				CLANG_ENABLE_OBJC_ARC = YES;
				CLANG_WARN_BLOCK_CAPTURE_AUTORELEASING = YES;
				CLANG_WARN_BOOL_CONVERSION = YES;
				CLANG_WARN_COMMA = YES;
				CLANG_WARN_CONSTANT_CONVERSION = YES;
				CLANG_WARN_DEPRECATED_OBJC_IMPLEMENTATIONS = YES;
				CLANG_WARN_DIRECT_OBJC_ISA_USAGE = YES_ERROR;
				CLANG_WARN_EMPTY_BODY = YES;
				CLANG_WARN_ENUM_CONVERSION = YES;
				CLANG_WARN_INFINITE_RECURSION = YES;
				CLANG_WARN_INT_CONVERSION = YES;
				CLANG_WARN_NON_LITERAL_NULL_CONVERSION = YES;
				CLANG_WARN_OBJC_IMPLICIT_RETAIN_SELF = YES;
				CLANG_WARN_OBJC_LITERAL_CONVERSION = YES;
				CLANG_WARN_OBJC_ROOT_CLASS = YES_ERROR;
				CLANG_WARN_QUOTED_INCLUDE_IN_FRAMEWORK_HEADER = YES;
				CLANG_WARN_RANGE_LOOP_ANALYSIS = YES;
				CLANG_WARN_STRICT_PROTOTYPES = YES;
				CLANG_WARN_SUSPICIOUS_MOVE = YES;
				CLANG_WARN_UNREACHABLE_CODE = YES;
				CLANG_WARN__DUPLICATE_METHOD_MATCH = YES;
				"CODE_SIGN_IDENTITY[sdk=iphoneos*]" = "iPhone Developer";
				COPY_PHASE_STRIP = YES;
				ENABLE_NS_ASSERTIONS = NO;
				ENABLE_STRICT_OBJC_MSGSEND = YES;
				GCC_C_LANGUAGE_STANDARD = gnu99;
				GCC_NO_COMMON_BLOCKS = YES;
				GCC_WARN_64_TO_32_BIT_CONVERSION = YES;
				GCC_WARN_ABOUT_RETURN_TYPE = YES_ERROR;
				GCC_WARN_UNDECLARED_SELECTOR = YES;
				GCC_WARN_UNINITIALIZED_AUTOS = YES_AGGRESSIVE;
				GCC_WARN_UNUSED_FUNCTION = YES;
				GCC_WARN_UNUSED_VARIABLE = YES;
				IPHONEOS_DEPLOYMENT_TARGET = 12.0;
				SDKROOT = iphoneos;
				SWIFT_COMPILATION_MODE = wholemodule;
				TARGETED_DEVICE_FAMILY = "1,2";
				VALIDATE_PRODUCT = YES;
			};
			name = Release;
		};
		6003F5C0195388D20070C39A /* Debug */ = {
			isa = XCBuildConfiguration;
			baseConfigurationReference = E802A9DD58476789F1B5E545 /* Pods-Object-C-Demo_Example.debug.xcconfig */;
			buildSettings = {
				ASSETCATALOG_COMPILER_APPICON_NAME = AppIcon;
				CLANG_ENABLE_MODULES = YES;
				DEVELOPMENT_TEAM = SAD9GVSU92;
				GCC_PRECOMPILE_PREFIX_HEADER = YES;
				GCC_PREFIX_HEADER = "Object-C-Demo/Object-C-Demo-Prefix.pch";
				INFOPLIST_FILE = "Object-C-Demo/Object-C-Demo-Info.plist";
				LD_RUNPATH_SEARCH_PATHS = "$(inherited) @executable_path/Frameworks";
				MODULE_NAME = ExampleApp;
				PRODUCT_BUNDLE_IDENTIFIER = "org.cocoapods.demo.${PRODUCT_NAME:rfc1034identifier}";
				PRODUCT_NAME = "$(TARGET_NAME)";
				SWIFT_OBJC_BRIDGING_HEADER = "Object-C-Demo_Example-Bridging-Header.h";
				SWIFT_OPTIMIZATION_LEVEL = "-Onone";
				SWIFT_VERSION = 4.0;
				WRAPPER_EXTENSION = app;
			};
			name = Debug;
		};
		6003F5C1195388D20070C39A /* Release */ = {
			isa = XCBuildConfiguration;
			baseConfigurationReference = C89F6F10D9D4D41BF70B4B01 /* Pods-Object-C-Demo_Example.release.xcconfig */;
			buildSettings = {
				ASSETCATALOG_COMPILER_APPICON_NAME = AppIcon;
				CLANG_ENABLE_MODULES = YES;
				DEVELOPMENT_TEAM = SAD9GVSU92;
				GCC_PRECOMPILE_PREFIX_HEADER = YES;
				GCC_PREFIX_HEADER = "Object-C-Demo/Object-C-Demo-Prefix.pch";
				INFOPLIST_FILE = "Object-C-Demo/Object-C-Demo-Info.plist";
				LD_RUNPATH_SEARCH_PATHS = "$(inherited) @executable_path/Frameworks";
				MODULE_NAME = ExampleApp;
				PRODUCT_BUNDLE_IDENTIFIER = "org.cocoapods.demo.${PRODUCT_NAME:rfc1034identifier}";
				PRODUCT_NAME = "$(TARGET_NAME)";
				SWIFT_OBJC_BRIDGING_HEADER = "Object-C-Demo_Example-Bridging-Header.h";
				SWIFT_VERSION = 4.0;
				WRAPPER_EXTENSION = app;
			};
			name = Release;
		};
		6003F5C3195388D20070C39A /* Debug */ = {
			isa = XCBuildConfiguration;
			baseConfigurationReference = B2DC622937AB9C3BCD4F7088 /* Pods-Object-C-Demo_Tests.debug.xcconfig */;
			buildSettings = {
				ALWAYS_EMBED_SWIFT_STANDARD_LIBRARIES = YES;
				BUNDLE_LOADER = "$(TEST_HOST)";
				FRAMEWORK_SEARCH_PATHS = (
					"$(PLATFORM_DIR)/Developer/Library/Frameworks",
					"$(inherited)",
					"$(DEVELOPER_FRAMEWORKS_DIR)",
				);
				GCC_PRECOMPILE_PREFIX_HEADER = YES;
				GCC_PREFIX_HEADER = "Tests/Tests-Prefix.pch";
				GCC_PREPROCESSOR_DEFINITIONS = (
					"DEBUG=1",
					"$(inherited)",
				);
				INFOPLIST_FILE = "Tests/Tests-Info.plist";
				PRODUCT_BUNDLE_IDENTIFIER = "org.cocoapods.demo.${PRODUCT_NAME:rfc1034identifier}";
				PRODUCT_NAME = "$(TARGET_NAME)";
				SWIFT_VERSION = 4.0;
				TEST_HOST = "$(BUILT_PRODUCTS_DIR)/Object-C-Demo_Example.app/Object-C-Demo_Example";
				WRAPPER_EXTENSION = xctest;
			};
			name = Debug;
		};
		6003F5C4195388D20070C39A /* Release */ = {
			isa = XCBuildConfiguration;
			baseConfigurationReference = 1C5BDCFF29775AB28B5E153A /* Pods-Object-C-Demo_Tests.release.xcconfig */;
			buildSettings = {
				ALWAYS_EMBED_SWIFT_STANDARD_LIBRARIES = YES;
				BUNDLE_LOADER = "$(TEST_HOST)";
				FRAMEWORK_SEARCH_PATHS = (
					"$(PLATFORM_DIR)/Developer/Library/Frameworks",
					"$(inherited)",
					"$(DEVELOPER_FRAMEWORKS_DIR)",
				);
				GCC_PRECOMPILE_PREFIX_HEADER = YES;
				GCC_PREFIX_HEADER = "Tests/Tests-Prefix.pch";
				INFOPLIST_FILE = "Tests/Tests-Info.plist";
				PRODUCT_BUNDLE_IDENTIFIER = "org.cocoapods.demo.${PRODUCT_NAME:rfc1034identifier}";
				PRODUCT_NAME = "$(TARGET_NAME)";
				SWIFT_VERSION = 4.0;
				TEST_HOST = "$(BUILT_PRODUCTS_DIR)/Object-C-Demo_Example.app/Object-C-Demo_Example";
				WRAPPER_EXTENSION = xctest;
			};
			name = Release;
		};
/* End XCBuildConfiguration section */

/* Begin XCConfigurationList section */
		6003F585195388D10070C39A /* Build configuration list for PBXProject "Object-C-Demo" */ = {
			isa = XCConfigurationList;
			buildConfigurations = (
				6003F5BD195388D20070C39A /* Debug */,
				6003F5BE195388D20070C39A /* Release */,
			);
			defaultConfigurationIsVisible = 0;
			defaultConfigurationName = Release;
		};
		6003F5BF195388D20070C39A /* Build configuration list for PBXNativeTarget "Object-C-Demo_Example" */ = {
			isa = XCConfigurationList;
			buildConfigurations = (
				6003F5C0195388D20070C39A /* Debug */,
				6003F5C1195388D20070C39A /* Release */,
			);
			defaultConfigurationIsVisible = 0;
			defaultConfigurationName = Release;
		};
		6003F5C2195388D20070C39A /* Build configuration list for PBXNativeTarget "Object-C-Demo_Tests" */ = {
			isa = XCConfigurationList;
			buildConfigurations = (
				6003F5C3195388D20070C39A /* Debug */,
				6003F5C4195388D20070C39A /* Release */,
			);
			defaultConfigurationIsVisible = 0;
			defaultConfigurationName = Release;
		};
/* End XCConfigurationList section */
	};
	rootObject = 6003F582195388D10070C39A /* Project object */;
}
